Microsoft Visual Studio Solution File, Format Version 11.00
# Visual Studio 2010
Project("{FAE04EC0-301F-11D3-BF4B-00C04F79EFBC}") = "WMITest", "WMITest.csproj", "{9E704146-E423-4C9D-8CDA-F0FBE94A7F49}"
EndProject
Global
	GlobalSection(SolutionConfigurationPlatforms) = preSolution
		Debug|Any CPU = Debug|Any CPU
		Release|Any CPU = Release|Any CPU
	EndGlobalSection
	GlobalSection(ProjectConfigurationPlatforms) = postSolution
		{9E704146-E423-4C9D-8CDA-F0FBE94A7F49}.Debug|Any CPU.ActiveCfg = Debug|Any CPU
		{9E704146-E423-4C9D-8CDA-F0FBE94A7F49}.Debug|Any CPU.Build.0 = Debug|Any CPU
		{9E704146-E423-4C9D-8CDA-F0FBE94A7F49}.Release|Any CPU.ActiveCfg = Release|Any CPU
		{9E704146-E423-4C9D-8CDA-F0FBE94A7F49}.Release|Any CPU.Build.0 = Release|Any CPU
	EndGlobalSection
	GlobalSection(SolutionProperties) = preSolution
		HideSolutionNode = FALSE
	EndGlobalSection
EndGlobal
